
Microsoft Visual Studio Solution File, Format Version 12.00
# Visual Studio Version 17
VisualStudioVersion = 17.0.31903.59
MinimumVisualStudioVersion = 10.0.40219.1
Project("{FAE04EC0-301F-11D3-BF4B-00C04F79EFBC}") = "SharedKernel", "SharedKernel\SharedKernel.csproj", "{DE44E7E0-D9B7-4EDE-BCD8-D98E27280201}"
EndProject
Project("{2150E333-8FDC-42A3-9474-1A3956D46DE8}") = "Domain", "Domain", "{996CEBED-A05B-5D42-3FF0-982E087A2599}"
EndProject
Project("{FAE04EC0-301F-11D3-BF4B-00C04F79EFBC}") = "HeadlessCommerce.Domain", "Domain\HeadlessCommerce.Domain.csproj", "{F695B76A-3EB9-4608-B089-7337FB8D27FB}"
EndProject
Project("{2150E333-8FDC-42A3-9474-1A3956D46DE8}") = "Application", "Application", "{A74F262E-BDE7-D5D2-89E9-785413424D0A}"
EndProject
Project("{FAE04EC0-301F-11D3-BF4B-00C04F79EFBC}") = "HeadlessCommerce.Application", "Application\HeadlessCommerce.Application.csproj", "{8372713F-ACD4-4635-8A8E-166601D5CF3D}"
EndProject
Project("{2150E333-8FDC-42A3-9474-1A3956D46DE8}") = "Infrastructure", "Infrastructure", "{DFEE68D8-A7D0-1A41-506C-9B74AA9A7B7B}"
EndProject
Project("{FAE04EC0-301F-11D3-BF4B-00C04F79EFBC}") = "HeadlessCommerce.Infrastructure", "Infrastructure\HeadlessCommerce.Infrastructure.csproj", "{0AD69C9F-341A-4757-A781-A30170CADB24}"
EndProject
Project("{2150E333-8FDC-42A3-9474-1A3956D46DE8}") = "Persistence", "Persistence", "{31D0B0DA-3F70-8AAB-D4B2-B98572D1139C}"
EndProject
Project("{FAE04EC0-301F-11D3-BF4B-00C04F79EFBC}") = "HeadlessCommerce.Persistence", "Persistence\HeadlessCommerce.Persistence.csproj", "{988DC257-A15A-4E06-9772-A764D46F3ABD}"
EndProject
Project("{2150E333-8FDC-42A3-9474-1A3956D46DE8}") = "Contracts", "Contracts", "{A73F2606-6D4C-3EEE-1759-0E59DCFEF523}"
EndProject
Project("{FAE04EC0-301F-11D3-BF4B-00C04F79EFBC}") = "HeadlessCommerce.Contracts", "Contracts\HeadlessCommerce.Contracts.csproj", "{2731EA50-7B86-44B9-ACA5-57B4E872A42A}"
EndProject
Project("{2150E333-8FDC-42A3-9474-1A3956D46DE8}") = "Integrations", "Integrations", "{4958D7D8-4791-2CCE-6FFA-082B65933577}"
EndProject
Project("{2150E333-8FDC-42A3-9474-1A3956D46DE8}") = "Shopify", "Shopify", "{0D669DAC-F44C-10B3-E823-B6E456600D26}"
EndProject
Project("{FAE04EC0-301F-11D3-BF4B-00C04F79EFBC}") = "HeadlessCommerce.Integrations.Shopify", "Integrations\Shopify\HeadlessCommerce.Integrations.Shopify.csproj", "{9394F8F1-A98B-4D20-9FAB-2AC8CB7A1433}"
EndProject
Project("{2150E333-8FDC-42A3-9474-1A3956D46DE8}") = "ERP", "ERP", "{1D998044-F61A-2985-9CBC-B27350190AB4}"
EndProject
Project("{FAE04EC0-301F-11D3-BF4B-00C04F79EFBC}") = "HeadlessCommerce.Integrations.ERP", "Integrations\ERP\HeadlessCommerce.Integrations.ERP.csproj", "{5BCEB022-06C0-41F6-B4DE-B733B827D075}"
EndProject
Project("{2150E333-8FDC-42A3-9474-1A3956D46DE8}") = "CRM", "CRM", "{1119C5BF-D4EB-6015-8EC2-175E85C770DD}"
EndProject
Project("{FAE04EC0-301F-11D3-BF4B-00C04F79EFBC}") = "HeadlessCommerce.Integrations.CRM", "Integrations\CRM\HeadlessCommerce.Integrations.CRM.csproj", "{9C39F665-839C-4F78-AE1C-E503BD64FA45}"
EndProject
Project("{2150E333-8FDC-42A3-9474-1A3956D46DE8}") = "Marketing", "Marketing", "{CF1DFEB2-681A-88F8-EC44-A670B772E7B5}"
EndProject
Project("{FAE04EC0-301F-11D3-BF4B-00C04F79EFBC}") = "HeadlessCommerce.Integrations.Marketing", "Integrations\Marketing\HeadlessCommerce.Integrations.Marketing.csproj", "{8F0D0F98-A35D-470D-A2A3-49D1F9C4A53A}"
EndProject
Project("{2150E333-8FDC-42A3-9474-1A3956D46DE8}") = "Workers", "Workers", "{20543853-AF10-B830-2A3D-9FE9F6ECBF6C}"
EndProject
Project("{FAE04EC0-301F-11D3-BF4B-00C04F79EFBC}") = "HeadlessCommerce.Workers", "Workers\HeadlessCommerce.Workers.csproj", "{E466E733-5FE0-482C-B580-97C16C0DF611}"
EndProject
Project("{2150E333-8FDC-42A3-9474-1A3956D46DE8}") = "Gateway.Api", "Gateway.Api", "{24096044-E29B-BD15-8849-E6CEBB9E84CC}"
EndProject
Project("{FAE04EC0-301F-11D3-BF4B-00C04F79EFBC}") = "HeadlessCommerce.Gateway.Api", "Gateway.Api\HeadlessCommerce.Gateway.Api.csproj", "{A86E7379-B264-431A-A5F9-83C8F3E82680}"
EndProject
Global
	GlobalSection(SolutionConfigurationPlatforms) = preSolution
		Debug|Any CPU = Debug|Any CPU
		Debug|x64 = Debug|x64
		Debug|x86 = Debug|x86
		Release|Any CPU = Release|Any CPU
		Release|x64 = Release|x64
		Release|x86 = Release|x86
	EndGlobalSection
	GlobalSection(ProjectConfigurationPlatforms) = postSolution
		{DE44E7E0-D9B7-4EDE-BCD8-D98E27280201}.Debug|Any CPU.ActiveCfg = Debug|Any CPU
		{DE44E7E0-D9B7-4EDE-BCD8-D98E27280201}.Debug|Any CPU.Build.0 = Debug|Any CPU
		{DE44E7E0-D9B7-4EDE-BCD8-D98E27280201}.Debug|x64.ActiveCfg = Debug|Any CPU
		{DE44E7E0-D9B7-4EDE-BCD8-D98E27280201}.Debug|x64.Build.0 = Debug|Any CPU
		{DE44E7E0-D9B7-4EDE-BCD8-D98E27280201}.Debug|x86.ActiveCfg = Debug|Any CPU
		{DE44E7E0-D9B7-4EDE-BCD8-D98E27280201}.Debug|x86.Build.0 = Debug|Any CPU
		{DE44E7E0-D9B7-4EDE-BCD8-D98E27280201}.Release|Any CPU.ActiveCfg = Release|Any CPU
		{DE44E7E0-D9B7-4EDE-BCD8-D98E27280201}.Release|Any CPU.Build.0 = Release|Any CPU
		{DE44E7E0-D9B7-4EDE-BCD8-D98E27280201}.Release|x64.ActiveCfg = Release|Any CPU
		{DE44E7E0-D9B7-4EDE-BCD8-D98E27280201}.Release|x64.Build.0 = Release|Any CPU
		{DE44E7E0-D9B7-4EDE-BCD8-D98E27280201}.Release|x86.ActiveCfg = Release|Any CPU
		{DE44E7E0-D9B7-4EDE-BCD8-D98E27280201}.Release|x86.Build.0 = Release|Any CPU
		{F695B76A-3EB9-4608-B089-7337FB8D27FB}.Debug|Any CPU.ActiveCfg = Debug|Any CPU
		{F695B76A-3EB9-4608-B089-7337FB8D27FB}.Debug|Any CPU.Build.0 = Debug|Any CPU
		{F695B76A-3EB9-4608-B089-7337FB8D27FB}.Debug|x64.ActiveCfg = Debug|Any CPU
		{F695B76A-3EB9-4608-B089-7337FB8D27FB}.Debug|x64.Build.0 = Debug|Any CPU
		{F695B76A-3EB9-4608-B089-7337FB8D27FB}.Debug|x86.ActiveCfg = Debug|Any CPU
		{F695B76A-3EB9-4608-B089-7337FB8D27FB}.Debug|x86.Build.0 = Debug|Any CPU
		{F695B76A-3EB9-4608-B089-7337FB8D27FB}.Release|Any CPU.ActiveCfg = Release|Any CPU
		{F695B76A-3EB9-4608-B089-7337FB8D27FB}.Release|Any CPU.Build.0 = Release|Any CPU
		{F695B76A-3EB9-4608-B089-7337FB8D27FB}.Release|x64.ActiveCfg = Release|Any CPU
		{F695B76A-3EB9-4608-B089-7337FB8D27FB}.Release|x64.Build.0 = Release|Any CPU
		{F695B76A-3EB9-4608-B089-7337FB8D27FB}.Release|x86.ActiveCfg = Release|Any CPU
		{F695B76A-3EB9-4608-B089-7337FB8D27FB}.Release|x86.Build.0 = Release|Any CPU
		{8372713F-ACD4-4635-8A8E-166601D5CF3D}.Debug|Any CPU.ActiveCfg = Debug|Any CPU
		{8372713F-ACD4-4635-8A8E-166601D5CF3D}.Debug|Any CPU.Build.0 = Debug|Any CPU
		{8372713F-ACD4-4635-8A8E-166601D5CF3D}.Debug|x64.ActiveCfg = Debug|Any CPU
		{8372713F-ACD4-4635-8A8E-166601D5CF3D}.Debug|x64.Build.0 = Debug|Any CPU
		{8372713F-ACD4-4635-8A8E-166601D5CF3D}.Debug|x86.ActiveCfg = Debug|Any CPU
		{8372713F-ACD4-4635-8A8E-166601D5CF3D}.Debug|x86.Build.0 = Debug|Any CPU
		{8372713F-ACD4-4635-8A8E-166601D5CF3D}.Release|Any CPU.ActiveCfg = Release|Any CPU
		{8372713F-ACD4-4635-8A8E-166601D5CF3D}.Release|Any CPU.Build.0 = Release|Any CPU
		{8372713F-ACD4-4635-8A8E-166601D5CF3D}.Release|x64.ActiveCfg = Release|Any CPU
		{8372713F-ACD4-4635-8A8E-166601D5CF3D}.Release|x64.Build.0 = Release|Any CPU
		{8372713F-ACD4-4635-8A8E-166601D5CF3D}.Release|x86.ActiveCfg = Release|Any CPU
		{8372713F-ACD4-4635-8A8E-166601D5CF3D}.Release|x86.Build.0 = Release|Any CPU
		{0AD69C9F-341A-4757-A781-A30170CADB24}.Debug|Any CPU.ActiveCfg = Debug|Any CPU
		{0AD69C9F-341A-4757-A781-A30170CADB24}.Debug|Any CPU.Build.0 = Debug|Any CPU
		{0AD69C9F-341A-4757-A781-A30170CADB24}.Debug|x64.ActiveCfg = Debug|Any CPU
		{0AD69C9F-341A-4757-A781-A30170CADB24}.Debug|x64.Build.0 = Debug|Any CPU
		{0AD69C9F-341A-4757-A781-A30170CADB24}.Debug|x86.ActiveCfg = Debug|Any CPU
		{0AD69C9F-341A-4757-A781-A30170CADB24}.Debug|x86.Build.0 = Debug|Any CPU
		{0AD69C9F-341A-4757-A781-A30170CADB24}.Release|Any CPU.ActiveCfg = Release|Any CPU
		{0AD69C9F-341A-4757-A781-A30170CADB24}.Release|Any CPU.Build.0 = Release|Any CPU
		{0AD69C9F-341A-4757-A781-A30170CADB24}.Release|x64.ActiveCfg = Release|Any CPU
		{0AD69C9F-341A-4757-A781-A30170CADB24}.Release|x64.Build.0 = Release|Any CPU
		{0AD69C9F-341A-4757-A781-A30170CADB24}.Release|x86.ActiveCfg = Release|Any CPU
		{0AD69C9F-341A-4757-A781-A30170CADB24}.Release|x86.Build.0 = Release|Any CPU
		{988DC257-A15A-4E06-9772-A764D46F3ABD}.Debug|Any CPU.ActiveCfg = Debug|Any CPU
		{988DC257-A15A-4E06-9772-A764D46F3ABD}.Debug|Any CPU.Build.0 = Debug|Any CPU
		{988DC257-A15A-4E06-9772-A764D46F3ABD}.Debug|x64.ActiveCfg = Debug|Any CPU
		{988DC257-A15A-4E06-9772-A764D46F3ABD}.Debug|x64.Build.0 = Debug|Any CPU
		{988DC257-A15A-4E06-9772-A764D46F3ABD}.Debug|x86.ActiveCfg = Debug|Any CPU
		{988DC257-A15A-4E06-9772-A764D46F3ABD}.Debug|x86.Build.0 = Debug|Any CPU
		{988DC257-A15A-4E06-9772-A764D46F3ABD}.Release|Any CPU.ActiveCfg = Release|Any CPU
		{988DC257-A15A-4E06-9772-A764D46F3ABD}.Release|Any CPU.Build.0 = Release|Any CPU
		{988DC257-A15A-4E06-9772-A764D46F3ABD}.Release|x64.ActiveCfg = Release|Any CPU
		{988DC257-A15A-4E06-9772-A764D46F3ABD}.Release|x64.Build.0 = Release|Any CPU
		{988DC257-A15A-4E06-9772-A764D46F3ABD}.Release|x86.ActiveCfg = Release|Any CPU
		{988DC257-A15A-4E06-9772-A764D46F3ABD}.Release|x86.Build.0 = Release|Any CPU
		{2731EA50-7B86-44B9-ACA5-57B4E872A42A}.Debug|Any CPU.ActiveCfg = Debug|Any CPU
		{2731EA50-7B86-44B9-ACA5-57B4E872A42A}.Debug|Any CPU.Build.0 = Debug|Any CPU
		{2731EA50-7B86-44B9-ACA5-57B4E872A42A}.Debug|x64.ActiveCfg = Debug|Any CPU
		{2731EA50-7B86-44B9-ACA5-57B4E872A42A}.Debug|x64.Build.0 = Debug|Any CPU
		{2731EA50-7B86-44B9-ACA5-57B4E872A42A}.Debug|x86.ActiveCfg = Debug|Any CPU
		{2731EA50-7B86-44B9-ACA5-57B4E872A42A}.Debug|x86.Build.0 = Debug|Any CPU
		{2731EA50-7B86-44B9-ACA5-57B4E872A42A}.Release|Any CPU.ActiveCfg = Release|Any CPU
		{2731EA50-7B86-44B9-ACA5-57B4E872A42A}.Release|Any CPU.Build.0 = Release|Any CPU
		{2731EA50-7B86-44B9-ACA5-57B4E872A42A}.Release|x64.ActiveCfg = Release|Any CPU
		{2731EA50-7B86-44B9-ACA5-57B4E872A42A}.Release|x64.Build.0 = Release|Any CPU
		{2731EA50-7B86-44B9-ACA5-57B4E872A42A}.Release|x86.ActiveCfg = Release|Any CPU
		{2731EA50-7B86-44B9-ACA5-57B4E872A42A}.Release|x86.Build.0 = Release|Any CPU
		{9394F8F1-A98B-4D20-9FAB-2AC8CB7A1433}.Debug|Any CPU.ActiveCfg = Debug|Any CPU
		{9394F8F1-A98B-4D20-9FAB-2AC8CB7A1433}.Debug|Any CPU.Build.0 = Debug|Any CPU
		{9394F8F1-A98B-4D20-9FAB-2AC8CB7A1433}.Debug|x64.ActiveCfg = Debug|Any CPU
		{9394F8F1-A98B-4D20-9FAB-2AC8CB7A1433}.Debug|x64.Build.0 = Debug|Any CPU
		{9394F8F1-A98B-4D20-9FAB-2AC8CB7A1433}.Debug|x86.ActiveCfg = Debug|Any CPU
		{9394F8F1-A98B-4D20-9FAB-2AC8CB7A1433}.Debug|x86.Build.0 = Debug|Any CPU
		{9394F8F1-A98B-4D20-9FAB-2AC8CB7A1433}.Release|Any CPU.ActiveCfg = Release|Any CPU
		{9394F8F1-A98B-4D20-9FAB-2AC8CB7A1433}.Release|Any CPU.Build.0 = Release|Any CPU
		{9394F8F1-A98B-4D20-9FAB-2AC8CB7A1433}.Release|x64.ActiveCfg = Release|Any CPU
		{9394F8F1-A98B-4D20-9FAB-2AC8CB7A1433}.Release|x64.Build.0 = Release|Any CPU
		{9394F8F1-A98B-4D20-9FAB-2AC8CB7A1433}.Release|x86.ActiveCfg = Release|Any CPU
		{9394F8F1-A98B-4D20-9FAB-2AC8CB7A1433}.Release|x86.Build.0 = Release|Any CPU
		{5BCEB022-06C0-41F6-B4DE-B733B827D075}.Debug|Any CPU.ActiveCfg = Debug|Any CPU
		{5BCEB022-06C0-41F6-B4DE-B733B827D075}.Debug|Any CPU.Build.0 = Debug|Any CPU
		{5BCEB022-06C0-41F6-B4DE-B733B827D075}.Debug|x64.ActiveCfg = Debug|Any CPU
		{5BCEB022-06C0-41F6-B4DE-B733B827D075}.Debug|x64.Build.0 = Debug|Any CPU
		{5BCEB022-06C0-41F6-B4DE-B733B827D075}.Debug|x86.ActiveCfg = Debug|Any CPU
		{5BCEB022-06C0-41F6-B4DE-B733B827D075}.Debug|x86.Build.0 = Debug|Any CPU
		{5BCEB022-06C0-41F6-B4DE-B733B827D075}.Release|Any CPU.ActiveCfg = Release|Any CPU
		{5BCEB022-06C0-41F6-B4DE-B733B827D075}.Release|Any CPU.Build.0 = Release|Any CPU
		{5BCEB022-06C0-41F6-B4DE-B733B827D075}.Release|x64.ActiveCfg = Release|Any CPU
		{5BCEB022-06C0-41F6-B4DE-B733B827D075}.Release|x64.Build.0 = Release|Any CPU
		{5BCEB022-06C0-41F6-B4DE-B733B827D075}.Release|x86.ActiveCfg = Release|Any CPU
		{5BCEB022-06C0-41F6-B4DE-B733B827D075}.Release|x86.Build.0 = Release|Any CPU
		{9C39F665-839C-4F78-AE1C-E503BD64FA45}.Debug|Any CPU.ActiveCfg = Debug|Any CPU
		{9C39F665-839C-4F78-AE1C-E503BD64FA45}.Debug|Any CPU.Build.0 = Debug|Any CPU
		{9C39F665-839C-4F78-AE1C-E503BD64FA45}.Debug|x64.ActiveCfg = Debug|Any CPU
		{9C39F665-839C-4F78-AE1C-E503BD64FA45}.Debug|x64.Build.0 = Debug|Any CPU
		{9C39F665-839C-4F78-AE1C-E503BD64FA45}.Debug|x86.ActiveCfg = Debug|Any CPU
		{9C39F665-839C-4F78-AE1C-E503BD64FA45}.Debug|x86.Build.0 = Debug|Any CPU
		{9C39F665-839C-4F78-AE1C-E503BD64FA45}.Release|Any CPU.ActiveCfg = Release|Any CPU
		{9C39F665-839C-4F78-AE1C-E503BD64FA45}.Release|Any CPU.Build.0 = Release|Any CPU
		{9C39F665-839C-4F78-AE1C-E503BD64FA45}.Release|x64.ActiveCfg = Release|Any CPU
		{9C39F665-839C-4F78-AE1C-E503BD64FA45}.Release|x64.Build.0 = Release|Any CPU
		{9C39F665-839C-4F78-AE1C-E503BD64FA45}.Release|x86.ActiveCfg = Release|Any CPU
		{9C39F665-839C-4F78-AE1C-E503BD64FA45}.Release|x86.Build.0 = Release|Any CPU
		{8F0D0F98-A35D-470D-A2A3-49D1F9C4A53A}.Debug|Any CPU.ActiveCfg = Debug|Any CPU
		{8F0D0F98-A35D-470D-A2A3-49D1F9C4A53A}.Debug|Any CPU.Build.0 = Debug|Any CPU
		{8F0D0F98-A35D-470D-A2A3-49D1F9C4A53A}.Debug|x64.ActiveCfg = Debug|Any CPU
		{8F0D0F98-A35D-470D-A2A3-49D1F9C4A53A}.Debug|x64.Build.0 = Debug|Any CPU
		{8F0D0F98-A35D-470D-A2A3-49D1F9C4A53A}.Debug|x86.ActiveCfg = Debug|Any CPU
		{8F0D0F98-A35D-470D-A2A3-49D1F9C4A53A}.Debug|x86.Build.0 = Debug|Any CPU
		{8F0D0F98-A35D-470D-A2A3-49D1F9C4A53A}.Release|Any CPU.ActiveCfg = Release|Any CPU
		{8F0D0F98-A35D-470D-A2A3-49D1F9C4A53A}.Release|Any CPU.Build.0 = Release|Any CPU
		{8F0D0F98-A35D-470D-A2A3-49D1F9C4A53A}.Release|x64.ActiveCfg = Release|Any CPU
		{8F0D0F98-A35D-470D-A2A3-49D1F9C4A53A}.Release|x64.Build.0 = Release|Any CPU
		{8F0D0F98-A35D-470D-A2A3-49D1F9C4A53A}.Release|x86.ActiveCfg = Release|Any CPU
		{8F0D0F98-A35D-470D-A2A3-49D1F9C4A53A}.Release|x86.Build.0 = Release|Any CPU
		{E466E733-5FE0-482C-B580-97C16C0DF611}.Debug|Any CPU.ActiveCfg = Debug|Any CPU
		{E466E733-5FE0-482C-B580-97C16C0DF611}.Debug|Any CPU.Build.0 = Debug|Any CPU
		{E466E733-5FE0-482C-B580-97C16C0DF611}.Debug|x64.ActiveCfg = Debug|Any CPU
		{E466E733-5FE0-482C-B580-97C16C0DF611}.Debug|x64.Build.0 = Debug|Any CPU
		{E466E733-5FE0-482C-B580-97C16C0DF611}.Debug|x86.ActiveCfg = Debug|Any CPU
		{E466E733-5FE0-482C-B580-97C16C0DF611}.Debug|x86.Build.0 = Debug|Any CPU
		{E466E733-5FE0-482C-B580-97C16C0DF611}.Release|Any CPU.ActiveCfg = Release|Any CPU
		{E466E733-5FE0-482C-B580-97C16C0DF611}.Release|Any CPU.Build.0 = Release|Any CPU
		{E466E733-5FE0-482C-B580-97C16C0DF611}.Release|x64.ActiveCfg = Release|Any CPU
		{E466E733-5FE0-482C-B580-97C16C0DF611}.Release|x64.Build.0 = Release|Any CPU
		{E466E733-5FE0-482C-B580-97C16C0DF611}.Release|x86.ActiveCfg = Release|Any CPU
		{E466E733-5FE0-482C-B580-97C16C0DF611}.Release|x86.Build.0 = Release|Any CPU
		{A86E7379-B264-431A-A5F9-83C8F3E82680}.Debug|Any CPU.ActiveCfg = Debug|Any CPU
		{A86E7379-B264-431A-A5F9-83C8F3E82680}.Debug|Any CPU.Build.0 = Debug|Any CPU
		{A86E7379-B264-431A-A5F9-83C8F3E82680}.Debug|x64.ActiveCfg = Debug|Any CPU
		{A86E7379-B264-431A-A5F9-83C8F3E82680}.Debug|x64.Build.0 = Debug|Any CPU
		{A86E7379-B264-431A-A5F9-83C8F3E82680}.Debug|x86.ActiveCfg = Debug|Any CPU
		{A86E7379-B264-431A-A5F9-83C8F3E82680}.Debug|x86.Build.0 = Debug|Any CPU
		{A86E7379-B264-431A-A5F9-83C8F3E82680}.Release|Any CPU.ActiveCfg = Release|Any CPU
		{A86E7379-B264-431A-A5F9-83C8F3E82680}.Release|Any CPU.Build.0 = Release|Any CPU
		{A86E7379-B264-431A-A5F9-83C8F3E82680}.Release|x64.ActiveCfg = Release|Any CPU
		{A86E7379-B264-431A-A5F9-83C8F3E82680}.Release|x64.Build.0 = Release|Any CPU
		{A86E7379-B264-431A-A5F9-83C8F3E82680}.Release|x86.ActiveCfg = Release|Any CPU
		{A86E7379-B264-431A-A5F9-83C8F3E82680}.Release|x86.Build.0 = Release|Any CPU
	EndGlobalSection
	GlobalSection(SolutionProperties) = preSolution
		HideSolutionNode = FALSE
	EndGlobalSection
	GlobalSection(NestedProjects) = preSolution
		{F695B76A-3EB9-4608-B089-7337FB8D27FB} = {996CEBED-A05B-5D42-3FF0-982E087A2599}
		{8372713F-ACD4-4635-8A8E-166601D5CF3D} = {A74F262E-BDE7-D5D2-89E9-785413424D0A}
		{0AD69C9F-341A-4757-A781-A30170CADB24} = {DFEE68D8-A7D0-1A41-506C-9B74AA9A7B7B}
		{988DC257-A15A-4E06-9772-A764D46F3ABD} = {31D0B0DA-3F70-8AAB-D4B2-B98572D1139C}
		{2731EA50-7B86-44B9-ACA5-57B4E872A42A} = {A73F2606-6D4C-3EEE-1759-0E59DCFEF523}
		{0D669DAC-F44C-10B3-E823-B6E456600D26} = {4958D7D8-4791-2CCE-6FFA-082B65933577}
		{9394F8F1-A98B-4D20-9FAB-2AC8CB7A1433} = {0D669DAC-F44C-10B3-E823-B6E456600D26}
		{1D998044-F61A-2985-9CBC-B27350190AB4} = {4958D7D8-4791-2CCE-6FFA-082B65933577}
		{5BCEB022-06C0-41F6-B4DE-B733B827D075} = {1D998044-F61A-2985-9CBC-B27350190AB4}
		{1119C5BF-D4EB-6015-8EC2-175E85C770DD} = {4958D7D8-4791-2CCE-6FFA-082B65933577}
		{9C39F665-839C-4F78-AE1C-E503BD64FA45} = {1119C5BF-D4EB-6015-8EC2-175E85C770DD}
		{CF1DFEB2-681A-88F8-EC44-A670B772E7B5} = {4958D7D8-4791-2CCE-6FFA-082B65933577}
		{8F0D0F98-A35D-470D-A2A3-49D1F9C4A53A} = {CF1DFEB2-681A-88F8-EC44-A670B772E7B5}
		{E466E733-5FE0-482C-B580-97C16C0DF611} = {20543853-AF10-B830-2A3D-9FE9F6ECBF6C}
		{A86E7379-B264-431A-A5F9-83C8F3E82680} = {24096044-E29B-BD15-8849-E6CEBB9E84CC}
	EndGlobalSection
EndGlobal
